{
    "_meta": {
        "hash": {
            "sha256": "665847d57dbb08d90f393b48e74505b0902ba922e50054583982214009cbf03a"
        },
        "pipfile-spec": 6,
        "requires": {
            "python_version": "3.6"
        },
        "sources": [
            {
                "name": "pypi",
                "url": "https://pypi.org/simple",
                "verify_ssl": true
            }
        ]
    },
    "default": {
        "gym": {
            "path": "./gym"
        }
    },
    "develop": {}
}
